
Microsoft Visual Studio Solution File, Format Version 12.00
# Visual Studio Express 2013 for Web
VisualStudioVersion = 12.0.31101.0
MinimumVisualStudioVersion = 10.0.40219.1
Project("{2150E333-8FDC-42A3-9474-1A3956D46DE8}") = "0 - Presentation", "0 - Presentation", "{D708D68E-4CA1-41C5-9320-F38BA36D98D1}"
EndProject
Project("{2150E333-8FDC-42A3-9474-1A3956D46DE8}") = "1 - Services", "1 - Services", "{599DC8C7-C73D-4862-AC19-AF6EEBA59643}"
EndProject
Project("{2150E333-8FDC-42A3-9474-1A3956D46DE8}") = "2 - Application", "2 - Application", "{D59E7A2B-6E7B-480F-8F6C-A4C911B0EA29}"
EndProject
Project("{2150E333-8FDC-42A3-9474-1A3956D46DE8}") = "3 - Domain", "3 - Domain", "{A46DA68E-8BF5-4CE7-964A-2C3AE5DEED5B}"
EndProject
Project("{2150E333-8FDC-42A3-9474-1A3956D46DE8}") = "4 - Infra", "4 - Infra", "{B110FBA7-D680-41E0-88D8-DBB3167B1217}"
EndProject
Project("{2150E333-8FDC-42A3-9474-1A3956D46DE8}") = "4.1 - Data", "4.1 - Data", "{80BC05C5-3CB9-4910-979B-3DAC66C9F98A}"
EndProject
Project("{2150E333-8FDC-42A3-9474-1A3956D46DE8}") = "4.2 - CrossCutting", "4.2 - CrossCutting", "{F5201D48-C906-4FB1-91E0-D4F92973399F}"
EndProject
Project("{FAE04EC0-301F-11D3-BF4B-00C04F79EFBC}") = "MF.Infra.Data", "MF.Infra.Data\MF.Infra.Data.csproj", "{8C684FAA-7996-49D7-8487-BAC7EB3FEBB4}"
EndProject
Project("{FAE04EC0-301F-11D3-BF4B-00C04F79EFBC}") = "MF.Infra.CrossCutting.Identity", "MF.Infra.CrossCutting.Identity\MF.Infra.CrossCutting.Identity.csproj", "{565CCFDC-59B1-45CD-A305-AF4889ED18A1}"
EndProject
Project("{FAE04EC0-301F-11D3-BF4B-00C04F79EFBC}") = "MF.Domain", "MF.Domain\MF.Domain.csproj", "{A09321D4-20DF-480E-B805-054EC7FBAC55}"
EndProject
Project("{FAE04EC0-301F-11D3-BF4B-00C04F79EFBC}") = "MF.Application", "MF.Application\MF.Application.csproj", "{2A9D6B80-3F35-49CD-97FA-4CBC6DB0BC5E}"
EndProject
Project("{FAE04EC0-301F-11D3-BF4B-00C04F79EFBC}") = "MF.Infra.CrossCutting.IoC", "MF.Infra.CrossCutting.IoC\MF.Infra.CrossCutting.IoC.csproj", "{E91D2ADD-4CFA-4203-BB9F-BF2567D00AB7}"
EndProject
Project("{FAE04EC0-301F-11D3-BF4B-00C04F79EFBC}") = "MF.Infra.CrossCutting.MvcFilters", "MF.Infra.CrossCutting.MvcFilters\MF.Infra.CrossCutting.MvcFilters.csproj", "{7A7620C1-3539-4678-B560-A8FF3DF80B5E}"
EndProject
Project("{FAE04EC0-301F-11D3-BF4B-00C04F79EFBC}") = "MF.UI.MVC", "MF.UI.MVC\MF.UI.MVC.csproj", "{CA70BFAE-BA9F-43B2-83C5-E687A5537BAE}"
EndProject
Global
	GlobalSection(SolutionConfigurationPlatforms) = preSolution
		Debug|Any CPU = Debug|Any CPU
		Release|Any CPU = Release|Any CPU
	EndGlobalSection
	GlobalSection(ProjectConfigurationPlatforms) = postSolution
		{8C684FAA-7996-49D7-8487-BAC7EB3FEBB4}.Debug|Any CPU.ActiveCfg = Debug|Any CPU
		{8C684FAA-7996-49D7-8487-BAC7EB3FEBB4}.Debug|Any CPU.Build.0 = Debug|Any CPU
		{8C684FAA-7996-49D7-8487-BAC7EB3FEBB4}.Release|Any CPU.ActiveCfg = Release|Any CPU
		{8C684FAA-7996-49D7-8487-BAC7EB3FEBB4}.Release|Any CPU.Build.0 = Release|Any CPU
		{565CCFDC-59B1-45CD-A305-AF4889ED18A1}.Debug|Any CPU.ActiveCfg = Debug|Any CPU
		{565CCFDC-59B1-45CD-A305-AF4889ED18A1}.Debug|Any CPU.Build.0 = Debug|Any CPU
		{565CCFDC-59B1-45CD-A305-AF4889ED18A1}.Release|Any CPU.ActiveCfg = Release|Any CPU
		{565CCFDC-59B1-45CD-A305-AF4889ED18A1}.Release|Any CPU.Build.0 = Release|Any CPU
		{A09321D4-20DF-480E-B805-054EC7FBAC55}.Debug|Any CPU.ActiveCfg = Debug|Any CPU
		{A09321D4-20DF-480E-B805-054EC7FBAC55}.Debug|Any CPU.Build.0 = Debug|Any CPU
		{A09321D4-20DF-480E-B805-054EC7FBAC55}.Release|Any CPU.ActiveCfg = Release|Any CPU
		{A09321D4-20DF-480E-B805-054EC7FBAC55}.Release|Any CPU.Build.0 = Release|Any CPU
		{2A9D6B80-3F35-49CD-97FA-4CBC6DB0BC5E}.Debug|Any CPU.ActiveCfg = Debug|Any CPU
		{2A9D6B80-3F35-49CD-97FA-4CBC6DB0BC5E}.Debug|Any CPU.Build.0 = Debug|Any CPU
		{2A9D6B80-3F35-49CD-97FA-4CBC6DB0BC5E}.Release|Any CPU.ActiveCfg = Release|Any CPU
		{2A9D6B80-3F35-49CD-97FA-4CBC6DB0BC5E}.Release|Any CPU.Build.0 = Release|Any CPU
		{E91D2ADD-4CFA-4203-BB9F-BF2567D00AB7}.Debug|Any CPU.ActiveCfg = Debug|Any CPU
		{E91D2ADD-4CFA-4203-BB9F-BF2567D00AB7}.Debug|Any CPU.Build.0 = Debug|Any CPU
		{E91D2ADD-4CFA-4203-BB9F-BF2567D00AB7}.Release|Any CPU.ActiveCfg = Release|Any CPU
		{E91D2ADD-4CFA-4203-BB9F-BF2567D00AB7}.Release|Any CPU.Build.0 = Release|Any CPU
		{7A7620C1-3539-4678-B560-A8FF3DF80B5E}.Debug|Any CPU.ActiveCfg = Debug|Any CPU
		{7A7620C1-3539-4678-B560-A8FF3DF80B5E}.Debug|Any CPU.Build.0 = Debug|Any CPU
		{7A7620C1-3539-4678-B560-A8FF3DF80B5E}.Release|Any CPU.ActiveCfg = Release|Any CPU
		{7A7620C1-3539-4678-B560-A8FF3DF80B5E}.Release|Any CPU.Build.0 = Release|Any CPU
		{CA70BFAE-BA9F-43B2-83C5-E687A5537BAE}.Debug|Any CPU.ActiveCfg = Debug|Any CPU
		{CA70BFAE-BA9F-43B2-83C5-E687A5537BAE}.Debug|Any CPU.Build.0 = Debug|Any CPU
		{CA70BFAE-BA9F-43B2-83C5-E687A5537BAE}.Release|Any CPU.ActiveCfg = Release|Any CPU
		{CA70BFAE-BA9F-43B2-83C5-E687A5537BAE}.Release|Any CPU.Build.0 = Release|Any CPU
	EndGlobalSection
	GlobalSection(SolutionProperties) = preSolution
		HideSolutionNode = FALSE
	EndGlobalSection
	GlobalSection(NestedProjects) = preSolution
		{80BC05C5-3CB9-4910-979B-3DAC66C9F98A} = {B110FBA7-D680-41E0-88D8-DBB3167B1217}
		{F5201D48-C906-4FB1-91E0-D4F92973399F} = {B110FBA7-D680-41E0-88D8-DBB3167B1217}
		{8C684FAA-7996-49D7-8487-BAC7EB3FEBB4} = {80BC05C5-3CB9-4910-979B-3DAC66C9F98A}
		{565CCFDC-59B1-45CD-A305-AF4889ED18A1} = {F5201D48-C906-4FB1-91E0-D4F92973399F}
		{A09321D4-20DF-480E-B805-054EC7FBAC55} = {A46DA68E-8BF5-4CE7-964A-2C3AE5DEED5B}
		{2A9D6B80-3F35-49CD-97FA-4CBC6DB0BC5E} = {D59E7A2B-6E7B-480F-8F6C-A4C911B0EA29}
		{E91D2ADD-4CFA-4203-BB9F-BF2567D00AB7} = {F5201D48-C906-4FB1-91E0-D4F92973399F}
		{7A7620C1-3539-4678-B560-A8FF3DF80B5E} = {F5201D48-C906-4FB1-91E0-D4F92973399F}
		{CA70BFAE-BA9F-43B2-83C5-E687A5537BAE} = {D708D68E-4CA1-41C5-9320-F38BA36D98D1}
	EndGlobalSection
EndGlobal
